
Microsoft Visual Studio Solution File, Format Version 12.00
# Visual Studio 15
VisualStudioVersion = 15.0.26730.16
MinimumVisualStudioVersion = 10.0.40219.1
Project("{FAE04EC0-301F-11D3-BF4B-00C04F79EFBC}") = "EmpService", "EmpService\EmpService.csproj", "{B4A29FF6-EB46-4F33-B50E-BCAB43EB7899}"
EndProject
Global
	GlobalSection(SolutionConfigurationPlatforms) = preSolution
		Debug|Any CPU = Debug|Any CPU
		Release|Any CPU = Release|Any CPU
	EndGlobalSection
	GlobalSection(ProjectConfigurationPlatforms) = postSolution
		{B4A29FF6-EB46-4F33-B50E-BCAB43EB7899}.Debug|Any CPU.ActiveCfg = Debug|Any CPU
		{B4A29FF6-EB46-4F33-B50E-BCAB43EB7899}.Debug|Any CPU.Build.0 = Debug|Any CPU
		{B4A29FF6-EB46-4F33-B50E-BCAB43EB7899}.Release|Any CPU.ActiveCfg = Release|Any CPU
		{B4A29FF6-EB46-4F33-B50E-BCAB43EB7899}.Release|Any CPU.Build.0 = Release|Any CPU
	EndGlobalSection
	GlobalSection(SolutionProperties) = preSolution
		HideSolutionNode = FALSE
	EndGlobalSection
	GlobalSection(ExtensibilityGlobals) = postSolution
		SolutionGuid = {07823EB0-8A5C-4BD4-BBEB-07A7F8D4601E}
	EndGlobalSection
EndGlobal
